
Microsoft Visual Studio Solution File, Format Version 12.00
# Visual Studio Version 17
VisualStudioVersion = 17.14.36518.9 d17.14
MinimumVisualStudioVersion = 10.0.40219.1
Project("{FAE04EC0-301F-11D3-BF4B-00C04F79EFBC}") = "ConsoleApp1", "ConsoleApp1\ConsoleApp1.csproj", "{7BD1CAD4-E08E-4CDB-9332-2EFA22F058E8}"
EndProject
Global
	GlobalSection(SolutionConfigurationPlatforms) = preSolution
		Debug|Any CPU = Debug|Any CPU
		Release|Any CPU = Release|Any CPU
	EndGlobalSection
	GlobalSection(ProjectConfigurationPlatforms) = postSolution
		{7BD1CAD4-E08E-4CDB-9332-2EFA22F058E8}.Debug|Any CPU.ActiveCfg = Debug|Any CPU
		{7BD1CAD4-E08E-4CDB-9332-2EFA22F058E8}.Debug|Any CPU.Build.0 = Debug|Any CPU
		{7BD1CAD4-E08E-4CDB-9332-2EFA22F058E8}.Release|Any CPU.ActiveCfg = Release|Any CPU
		{7BD1CAD4-E08E-4CDB-9332-2EFA22F058E8}.Release|Any CPU.Build.0 = Release|Any CPU
	EndGlobalSection
	GlobalSection(SolutionProperties) = preSolution
		HideSolutionNode = FALSE
	EndGlobalSection
	GlobalSection(ExtensibilityGlobals) = postSolution
		SolutionGuid = {B4E1DE59-3F46-46B0-9BFF-A4232A4C6EE2}
	EndGlobalSection
EndGlobal
