
Microsoft Visual Studio Solution File, Format Version 12.00
# Visual Studio Version 17
VisualStudioVersion = 17.14.36518.9 d17.14
MinimumVisualStudioVersion = 10.0.40219.1
Project("{FAE04EC0-301F-11D3-BF4B-00C04F79EFBC}") = "CW06_L1", "CW06_L1\CW06_L1.csproj", "{84CB4208-2FA7-4338-993D-A9C5A50BC6F6}"
EndProject
Global
	GlobalSection(SolutionConfigurationPlatforms) = preSolution
		Debug|Any CPU = Debug|Any CPU
		Release|Any CPU = Release|Any CPU
	EndGlobalSection
	GlobalSection(ProjectConfigurationPlatforms) = postSolution
		{84CB4208-2FA7-4338-993D-A9C5A50BC6F6}.Debug|Any CPU.ActiveCfg = Debug|Any CPU
		{84CB4208-2FA7-4338-993D-A9C5A50BC6F6}.Debug|Any CPU.Build.0 = Debug|Any CPU
		{84CB4208-2FA7-4338-993D-A9C5A50BC6F6}.Release|Any CPU.ActiveCfg = Release|Any CPU
		{84CB4208-2FA7-4338-993D-A9C5A50BC6F6}.Release|Any CPU.Build.0 = Release|Any CPU
	EndGlobalSection
	GlobalSection(SolutionProperties) = preSolution
		HideSolutionNode = FALSE
	EndGlobalSection
	GlobalSection(ExtensibilityGlobals) = postSolution
		SolutionGuid = {0854FB66-27FE-4D59-B610-245E9C237A1F}
	EndGlobalSection
EndGlobal
