
Microsoft Visual Studio Solution File, Format Version 12.00
# Visual Studio Version 17
VisualStudioVersion = 17.14.36518.9 d17.14
MinimumVisualStudioVersion = 10.0.40219.1
Project("{FAE04EC0-301F-11D3-BF4B-00C04F79EFBC}") = "ConsoleApp1", "ConsoleApp1\ConsoleApp1.csproj", "{43EBFBDD-3CC0-4CEB-8929-5C1F5A0A3848}"
EndProject
Global
	GlobalSection(SolutionConfigurationPlatforms) = preSolution
		Debug|Any CPU = Debug|Any CPU
		Release|Any CPU = Release|Any CPU
	EndGlobalSection
	GlobalSection(ProjectConfigurationPlatforms) = postSolution
		{43EBFBDD-3CC0-4CEB-8929-5C1F5A0A3848}.Debug|Any CPU.ActiveCfg = Debug|Any CPU
		{43EBFBDD-3CC0-4CEB-8929-5C1F5A0A3848}.Debug|Any CPU.Build.0 = Debug|Any CPU
		{43EBFBDD-3CC0-4CEB-8929-5C1F5A0A3848}.Release|Any CPU.ActiveCfg = Release|Any CPU
		{43EBFBDD-3CC0-4CEB-8929-5C1F5A0A3848}.Release|Any CPU.Build.0 = Release|Any CPU
	EndGlobalSection
	GlobalSection(SolutionProperties) = preSolution
		HideSolutionNode = FALSE
	EndGlobalSection
	GlobalSection(ExtensibilityGlobals) = postSolution
		SolutionGuid = {B20BA55C-4C57-4F7A-B725-C5F22278EE80}
	EndGlobalSection
EndGlobal
